[[package]]
category = "main"
description = "Use Database URLs in your Django Application."
name = "dj-database-url"
optional = false
python-versions = ">=3.6"
version = "0.5.0"

[[package]]
category = "main"
description = "A high-level Python Web framework that encourages rapid development and clean, pragmatic design."
name = "django"
optional = false
python-versions = ">=3.5"
version = "2.1.4"

[package.dependencies]
pytz = "*"

[[package]]
category = "main"
description = "Extensions for Django"
name = "django-extensions"
optional = false
python-versions = "*"
version = "2.1.4"

[package.dependencies]
six = ">=1.2"

[[package]]
category = "main"
description = "Web APIs for Django, made easy."
name = "djangorestframework"
optional = false
python-versions = ">=2.7, !=3.0.*, !=3.1.*, !=3.2.*, !=3.3.*"
version = "3.9.0"

[[package]]
category = "dev"
description = "Pythonic argument parser, that will make you smile"
name = "docopt"
optional = false
python-versions = "*"
version = "0.6.2"

[[package]]
category = "dev"
description = "An autocompletion tool for Python that can be used for text editors."
name = "jedi"
optional = false
python-versions = ">=2.7, !=3.0.*, !=3.1.*, !=3.2.*, !=3.3.*"
version = "0.13.2"

[package.dependencies]
parso = ">=0.3.0"

[[package]]
category = "dev"
description = "Smart object creation facility for Django."
name = "model-mommy"
optional = false
python-versions = "*"
version = "1.6.0"

[package.dependencies]
django = ">=1.8.0"
six = "*"

[[package]]
category = "dev"
description = "A Python Parser"
name = "parso"
optional = false
python-versions = "*"
version = "0.3.1"

[[package]]
category = "dev"
description = "Library for building powerful interactive command lines in Python"
name = "prompt-toolkit"
optional = false
python-versions = "*"
version = "1.0.15"

[package.dependencies]
six = ">=1.9.0"
wcwidth = "*"

[[package]]
category = "dev"
description = "Python REPL build on top of prompt_toolkit"
name = "ptpython"
optional = false
python-versions = "*"
version = "0.41"

[package.dependencies]
docopt = "*"
jedi = ">=0.9.0"
prompt_toolkit = ">=1.0.14,<2.0.0"
pygments = "*"

[[package]]
category = "dev"
description = "Pygments is a syntax highlighting package written in Python."
name = "pygments"
optional = false
python-versions = "*"
version = "2.3.1"

[[package]]
category = "main"
description = "Strict separation of settings from code."
name = "python-decouple"
optional = false
python-versions = "*"
version = "3.1"

[[package]]
category = "main"
description = "World timezone definitions, modern and historical"
name = "pytz"
optional = false
python-versions = "*"
version = "2018.7"

[[package]]
category = "main"
description = "Python 2 and 3 compatibility utilities"
name = "six"
optional = false
python-versions = ">=2.6, !=3.0.*, !=3.1.*"
version = "1.12.0"

[[package]]
category = "dev"
description = "Measures number of Terminal column cells of wide-character codes"
name = "wcwidth"
optional = false
python-versions = "*"
version = "0.1.7"

[metadata]
content-hash = "da79487d2ab0997714f9187b65976ea48eae13ed262b2249711192d0ac98cd19"
python-versions = "^3.6"

[metadata.hashes]
dj-database-url = ["4aeaeb1f573c74835b0686a2b46b85990571159ffc21aa57ecd4d1e1cb334163", "851785365761ebe4994a921b433062309eb882fedd318e1b0fcecc607ed02da9"]
django = ["068d51054083d06ceb32ce02b7203f1854256047a0d58682677dd4f81bceabd7", "55409a056b27e6d1246f19ede41c6c610e4cab549c005b62cbeefabc6433356b"]
django-extensions = ["8317a3fe479b1ba3e3a04ecf33fb8d6ccf09bb18f30eab64e34c40a593741d26", "a76a61566f1c8d96acc7bcf765080b8e91367a25a2c6f8c5bddd574493839180"]
djangorestframework = ["607865b0bb1598b153793892101d881466bd5a991de12bd6229abb18b1c86136", "63f76cbe1e7d12b94c357d7e54401103b2e52aef0f7c1650d6c820ad708776e5"]
docopt = ["49b3a825280bd66b3aa83585ef59c4a8c82f2c8a522dbe754a8bc8d08c85c491"]
jedi = ["571702b5bd167911fe9036e5039ba67f820d6502832285cde8c881ab2b2149fd", "c8481b5e59d34a5c7c42e98f6625e633f6ef59353abea6437472c7ec2093f191"]
model-mommy = ["0e42c8f4a37c874dd81675ef8a385d3a25877082565e0d213022898c637f6f25", "8313c253617255060de474cdfcc0f7517e42deafc5619fec832a6c04b292b5d7"]
parso = ["35704a43a3c113cce4de228ddb39aab374b8004f4f2407d070b6a2ca784ce8a2", "895c63e93b94ac1e1690f5fdd40b65f07c8171e3e53cbd7793b5b96c0e0a7f24"]
prompt-toolkit = ["1df952620eccb399c53ebb359cc7d9a8d3a9538cb34c5a1344bdbeb29fbcc381", "3f473ae040ddaa52b52f97f6b4a493cfa9f5920c255a12dc56a7d34397a398a4", "858588f1983ca497f1cf4ffde01d978a3ea02b01c8a26a8bbc5cd2e66d816917"]
ptpython = ["55d7cfad50a096f5922c4fdf8cea068a7ec9257418064b437c617ff2f120f81a", "816da300f620fb88ba97c7962062c8c178d6693b1db19c184660156b1af91bdc", "a78b27a85c5dbe9d89376e7f3aa70a9d8fa15cb45ee5f73a3cc3963b9b528ac1"]
pygments = ["5ffada19f6203563680669ee7f53b64dabbeb100eb51b61996085e99c03b284a", "e8218dd399a61674745138520d0d4cf2621d7e032439341bc3f647bff125818d"]
python-decouple = ["1317df14b43efee4337a4aa02914bf004f010cd56d6c4bd894e6474ec8c4fe2d"]
pytz = ["31cb35c89bd7d333cd32c5f278fca91b523b0834369e757f4c5641ea252236ca", "8e0f8568c118d3077b46be7d654cc8167fa916092e28320cde048e54bfc9f1e6"]
six = ["3350809f0555b11f552448330d0b52d5f24c91a322ea4a15ef22629740f3761c", "d16a0141ec1a18405cd4ce8b4613101da75da0e9a7aec5bdd4fa804d0e0eba73"]
wcwidth = ["3df37372226d6e63e1b1e1eda15c594bca98a22d33a23832a90998faa96bc65e", "f4ebe71925af7b40a864553f761ed559b43544f8f71746c2d756c7fe788ade7c"]
